[[package]]
name = 'core'
source = 'path+from-root-894BF76E6DA2FFD3'

[[package]]
name = 'factory_abi'
source = 'path+from-root-6757B9971DCAF538'
dependencies = ['std']

[[package]]
name = 'pepaswap_helpers'
source = 'path+from-root-6757B9971DCAF538'
dependencies = ['std']

[[package]]
name = 'std'
source = 'git+https://github.com/fuellabs/sway?tag=v0.35.3#5d2b10bd83791d2eaff04206dbd45bfdd9cf23ff'
dependencies = ['core']

[[package]]
name = 'swap_abi'
source = 'path+from-root-6757B9971DCAF538'
dependencies = ['std']

[[package]]
name = 'swap_contract'
source = 'member'
dependencies = [
    'factory_abi',
    'pepaswap_helpers',
    'std',
    'swap_abi',
    'token_abi',
]

[[package]]
name = 'token_abi'
source = 'path+from-root-6757B9971DCAF538'
dependencies = ['std']
